{
  "name": "starwarsMap",
  "lockfileVersion": 3,
  "requires": true,
  "packages": {
    "": {
      "dependencies": {
        "svg-pan-zoom": "github:bumbu/svg-pan-zoom"
      }
    },
    "node_modules/svg-pan-zoom": {
      "version": "3.6.2",
      "resolved": "git+ssh://git@github.com/bumbu/svg-pan-zoom.git#aaa68d186abab5d782191b66d2582592fe5d3c13"
    }
  }
}
